<Solution>
  <Configurations>
    <Platform Name="Any CPU" />
    <Platform Name="x64" />
    <Platform Name="x86" />
  </Configurations>
  <Folder Name="/src/">
    <Project Path="src/FixPortal.FixAtdl/FixPortal.FixAtdl.csproj" />
  </Folder>
  <Folder Name="/tests/">
    <Project Path="tests/FixPortal.FixAtdl.Tests/FixPortal.FixAtdl.Tests.csproj" />
  </Folder>
</Solution>
